
Microsoft Visual Studio Solution File, Format Version 12.00
# Visual Studio Version 17
VisualStudioVersion = 17.4.33213.308
MinimumVisualStudioVersion = 10.0.40219.1
Project("{9A19103F-16F7-4668-BE54-9A1E7A4F7556}") = "Blitz", "Blitz\Blitz.csproj", "{6F229853-A4A3-4D5A-B3AF-C0D83C737AF8}"
EndProject
Project("{2150E333-8FDC-42A3-9474-1A3956D46DE8}") = "Solution Items", "Solution Items", "{3C70382F-156C-4A44-9ED8-A7038DE19BD5}"
	ProjectSection(SolutionItems) = preProject
		.editorconfig = .editorconfig
	EndProjectSection
EndProject
Global
	GlobalSection(SolutionConfigurationPlatforms) = preSolution
		Debug|Any CPU = Debug|Any CPU
		Release|Any CPU = Release|Any CPU
	EndGlobalSection
	GlobalSection(ProjectConfigurationPlatforms) = postSolution
		{6F229853-A4A3-4D5A-B3AF-C0D83C737AF8}.Debug|Any CPU.ActiveCfg = Debug|Any CPU
		{6F229853-A4A3-4D5A-B3AF-C0D83C737AF8}.Debug|Any CPU.Build.0 = Debug|Any CPU
		{6F229853-A4A3-4D5A-B3AF-C0D83C737AF8}.Release|Any CPU.ActiveCfg = Release|Any CPU
		{6F229853-A4A3-4D5A-B3AF-C0D83C737AF8}.Release|Any CPU.Build.0 = Release|Any CPU
	EndGlobalSection
	GlobalSection(SolutionProperties) = preSolution
		HideSolutionNode = FALSE
	EndGlobalSection
	GlobalSection(ExtensibilityGlobals) = postSolution
		SolutionGuid = {C5F90A97-B3D8-4858-A542-B7EB8328D047}
	EndGlobalSection
EndGlobal
